// !$*UTF8*$!
{
	archiveVersion = 1;
	classes = {
	};
	objectVersion = 56;
	objects = {

/* Begin PBXBuildFile section */
		99B15A5C2CB8A7AE00F37543 /* Test.swift in Sources */ = {isa = PBXBuildFile; fileRef = 99B15A5B2CB8A7AE00F37543 /* Test.swift */; };
		99EEADEE2CB76C7300C5ADDC /* ChatiMacApp.swift in Sources */ = {isa = PBXBuildFile; fileRef = 99EEADED2CB76C7300C5ADDC /* ChatiMacApp.swift */; };
		99EEADF02CB76C7300C5ADDC /* ContentView.swift in Sources */ = {isa = PBXBuildFile; fileRef = 99EEADEF2CB76C7300C5ADDC /* ContentView.swift */; };
		99EEADF22CB76C7500C5ADDC /* Assets.xcassets in Resources */ = {isa = PBXBuildFile; fileRef = 99EEADF12CB76C7500C5ADDC /* Assets.xcassets */; };
		99EEADF52CB76C7500C5ADDC /* Preview Assets.xcassets in Resources */ = {isa = PBXBuildFile; fileRef = 99EEADF42CB76C7500C5ADDC /* Preview Assets.xcassets */; };
		99EEADFE2CB76D8100C5ADDC /* MessageBubbleView.swift in Sources */ = {isa = PBXBuildFile; fileRef = 99EEADFD2CB76D8100C5ADDC /* MessageBubbleView.swift */; };
		99EEAE002CB76FB900C5ADDC /* ChatMessage.swift in Sources */ = {isa = PBXBuildFile; fileRef = 99EEADFF2CB76FB900C5ADDC /* ChatMessage.swift */; };
		99EEAE032CB76FF000C5ADDC /* Utils.swift in Sources */ = {isa = PBXBuildFile; fileRef = 99EEAE022CB76FF000C5ADDC /* Utils.swift */; };
		99EEAE052CB7716E00C5ADDC /* ListMessagesView.swift in Sources */ = {isa = PBXBuildFile; fileRef = 99EEAE042CB7716E00C5ADDC /* ListMessagesView.swift */; };
		99EEAE082CB7873200C5ADDC /* ChatInputView.swift in Sources */ = {isa = PBXBuildFile; fileRef = 99EEAE072CB7873200C5ADDC /* ChatInputView.swift */; };
		99EEAE0B2CB788FB00C5ADDC /* HeaderView.swift in Sources */ = {isa = PBXBuildFile; fileRef = 99EEAE0A2CB788FB00C5ADDC /* HeaderView.swift */; };
		99EEAE0D2CB789A100C5ADDC /* SidecarView.swift in Sources */ = {isa = PBXBuildFile; fileRef = 99EEAE0C2CB789A100C5ADDC /* SidecarView.swift */; };
/* End PBXBuildFile section */

/* Begin PBXFileReference section */
		99B15A5B2CB8A7AE00F37543 /* Test.swift */ = {isa = PBXFileReference; lastKnownFileType = sourcecode.swift; path = Test.swift; sourceTree = "<group>"; };
		99EEADEA2CB76C7300C5ADDC /* ChatiMac.app */ = {isa = PBXFileReference; explicitFileType = wrapper.application; includeInIndex = 0; path = ChatiMac.app; sourceTree = BUILT_PRODUCTS_DIR; };
		99EEADED2CB76C7300C5ADDC /* ChatiMacApp.swift */ = {isa = PBXFileReference; lastKnownFileType = sourcecode.swift; path = ChatiMacApp.swift; sourceTree = "<group>"; };
		99EEADEF2CB76C7300C5ADDC /* ContentView.swift */ = {isa = PBXFileReference; lastKnownFileType = sourcecode.swift; path = ContentView.swift; sourceTree = "<group>"; };
		99EEADF12CB76C7500C5ADDC /* Assets.xcassets */ = {isa = PBXFileReference; lastKnownFileType = folder.assetcatalog; path = Assets.xcassets; sourceTree = "<group>"; };
		99EEADF42CB76C7500C5ADDC /* Preview Assets.xcassets */ = {isa = PBXFileReference; lastKnownFileType = folder.assetcatalog; path = "Preview Assets.xcassets"; sourceTree = "<group>"; };
		99EEADF62CB76C7500C5ADDC /* ChatiMac.entitlements */ = {isa = PBXFileReference; lastKnownFileType = text.plist.entitlements; path = ChatiMac.entitlements; sourceTree = "<group>"; };
		99EEADFD2CB76D8100C5ADDC /* MessageBubbleView.swift */ = {isa = PBXFileReference; lastKnownFileType = sourcecode.swift; path = MessageBubbleView.swift; sourceTree = "<group>"; };
		99EEADFF2CB76FB900C5ADDC /* ChatMessage.swift */ = {isa = PBXFileReference; lastKnownFileType = sourcecode.swift; path = ChatMessage.swift; sourceTree = "<group>"; };
		99EEAE022CB76FF000C5ADDC /* Utils.swift */ = {isa = PBXFileReference; lastKnownFileType = sourcecode.swift; path = Utils.swift; sourceTree = "<group>"; };
		99EEAE042CB7716E00C5ADDC /* ListMessagesView.swift */ = {isa = PBXFileReference; lastKnownFileType = sourcecode.swift; path = ListMessagesView.swift; sourceTree = "<group>"; };
		99EEAE072CB7873200C5ADDC /* ChatInputView.swift */ = {isa = PBXFileReference; lastKnownFileType = sourcecode.swift; path = ChatInputView.swift; sourceTree = "<group>"; };
		99EEAE0A2CB788FB00C5ADDC /* HeaderView.swift */ = {isa = PBXFileReference; lastKnownFileType = sourcecode.swift; path = HeaderView.swift; sourceTree = "<group>"; };
		99EEAE0C2CB789A100C5ADDC /* SidecarView.swift */ = {isa = PBXFileReference; lastKnownFileType = sourcecode.swift; path = SidecarView.swift; sourceTree = "<group>"; };
/* End PBXFileReference section */

/* Begin PBXFrameworksBuildPhase section */
		99EEADE72CB76C7300C5ADDC /* Frameworks */ = {
			isa = PBXFrameworksBuildPhase;
			buildActionMask = 2147483647;
			files = (
			);
			runOnlyForDeploymentPostprocessing = 0;
		};
/* End PBXFrameworksBuildPhase section */

/* Begin PBXGroup section */
		99B15A5D2CB8B27900F37543 /* Services */ = {
			isa = PBXGroup;
			children = (
			);
			path = Services;
			sourceTree = "<group>";
		};
		99B15A5E2CB8B28A00F37543 /* ViewModel */ = {
			isa = PBXGroup;
			children = (
			);
			path = ViewModel;
			sourceTree = "<group>";
		};
		99B15A5F2CB8B29800F37543 /* Views */ = {
			isa = PBXGroup;
			children = (
				99EEADEF2CB76C7300C5ADDC /* ContentView.swift */,
				99EEAE062CB786FC00C5ADDC /* Chat */,
			);
			path = Views;
			sourceTree = "<group>";
		};
		99EEADE12CB76C7200C5ADDC = {
			isa = PBXGroup;
			children = (
				99EEADEC2CB76C7300C5ADDC /* ChatiMac */,
				99EEADEB2CB76C7300C5ADDC /* Products */,
			);
			sourceTree = "<group>";
		};
		99EEADEB2CB76C7300C5ADDC /* Products */ = {
			isa = PBXGroup;
			children = (
				99EEADEA2CB76C7300C5ADDC /* ChatiMac.app */,
			);
			name = Products;
			sourceTree = "<group>";
		};
		99EEADEC2CB76C7300C5ADDC /* ChatiMac */ = {
			isa = PBXGroup;
			children = (
				99EEADED2CB76C7300C5ADDC /* ChatiMacApp.swift */,
				99B15A5F2CB8B29800F37543 /* Views */,
				99B15A5E2CB8B28A00F37543 /* ViewModel */,
				99B15A5D2CB8B27900F37543 /* Services */,
				99EEAE092CB7882C00C5ADDC /* Models */,
				99EEAE012CB76FE100C5ADDC /* Util */,
				99B15A5B2CB8A7AE00F37543 /* Test.swift */,
				99EEADF12CB76C7500C5ADDC /* Assets.xcassets */,
				99EEADF62CB76C7500C5ADDC /* ChatiMac.entitlements */,
				99EEADF32CB76C7500C5ADDC /* Preview Content */,
			);
			path = ChatiMac;
			sourceTree = "<group>";
		};
		99EEADF32CB76C7500C5ADDC /* Preview Content */ = {
			isa = PBXGroup;
			children = (
				99EEADF42CB76C7500C5ADDC /* Preview Assets.xcassets */,
			);
			path = "Preview Content";
			sourceTree = "<group>";
		};
		99EEADFC2CB76D6700C5ADDC /* Message */ = {
			isa = PBXGroup;
			children = (
				99EEADFD2CB76D8100C5ADDC /* MessageBubbleView.swift */,
				99EEAE042CB7716E00C5ADDC /* ListMessagesView.swift */,
			);
			path = Message;
			sourceTree = "<group>";
		};
		99EEAE012CB76FE100C5ADDC /* Util */ = {
			isa = PBXGroup;
			children = (
				99EEAE022CB76FF000C5ADDC /* Utils.swift */,
			);
			path = Util;
			sourceTree = "<group>";
		};
		99EEAE062CB786FC00C5ADDC /* Chat */ = {
			isa = PBXGroup;
			children = (
				99EEADFC2CB76D6700C5ADDC /* Message */,
				99EEAE072CB7873200C5ADDC /* ChatInputView.swift */,
				99EEAE0C2CB789A100C5ADDC /* SidecarView.swift */,
				99EEAE0A2CB788FB00C5ADDC /* HeaderView.swift */,
			);
			path = Chat;
			sourceTree = "<group>";
		};
		99EEAE092CB7882C00C5ADDC /* Models */ = {
			isa = PBXGroup;
			children = (
				99EEADFF2CB76FB900C5ADDC /* ChatMessage.swift */,
			);
			path = Models;
			sourceTree = "<group>";
		};
/* End PBXGroup section */

/* Begin PBXNativeTarget section */
		99EEADE92CB76C7300C5ADDC /* ChatiMac */ = {
			isa = PBXNativeTarget;
			buildConfigurationList = 99EEADF92CB76C7500C5ADDC /* Build configuration list for PBXNativeTarget "ChatiMac" */;
			buildPhases = (
				99EEADE62CB76C7300C5ADDC /* Sources */,
				99EEADE72CB76C7300C5ADDC /* Frameworks */,
				99EEADE82CB76C7300C5ADDC /* Resources */,
			);
			buildRules = (
			);
			dependencies = (
			);
			name = ChatiMac;
			productName = ChatiMac;
			productReference = 99EEADEA2CB76C7300C5ADDC /* ChatiMac.app */;
			productType = "com.apple.product-type.application";
		};
/* End PBXNativeTarget section */

/* Begin PBXProject section */
		99EEADE22CB76C7200C5ADDC /* Project object */ = {
			isa = PBXProject;
			attributes = {
				BuildIndependentTargetsInParallel = 1;
				LastSwiftUpdateCheck = 1420;
				LastUpgradeCheck = 1420;
				TargetAttributes = {
					99EEADE92CB76C7300C5ADDC = {
						CreatedOnToolsVersion = 14.2;
					};
				};
			};
			buildConfigurationList = 99EEADE52CB76C7300C5ADDC /* Build configuration list for PBXProject "ChatiMac" */;
			compatibilityVersion = "Xcode 14.0";
			developmentRegion = en;
			hasScannedForEncodings = 0;
			knownRegions = (
				en,
				Base,
			);
			mainGroup = 99EEADE12CB76C7200C5ADDC;
			productRefGroup = 99EEADEB2CB76C7300C5ADDC /* Products */;
			projectDirPath = "";
			projectRoot = "";
			targets = (
				99EEADE92CB76C7300C5ADDC /* ChatiMac */,
			);
		};
/* End PBXProject section */

/* Begin PBXResourcesBuildPhase section */
		99EEADE82CB76C7300C5ADDC /* Resources */ = {
			isa = PBXResourcesBuildPhase;
			buildActionMask = 2147483647;
			files = (
				99EEADF52CB76C7500C5ADDC /* Preview Assets.xcassets in Resources */,
				99EEADF22CB76C7500C5ADDC /* Assets.xcassets in Resources */,
			);
			runOnlyForDeploymentPostprocessing = 0;
		};
/* End PBXResourcesBuildPhase section */

/* Begin PBXSourcesBuildPhase section */
		99EEADE62CB76C7300C5ADDC /* Sources */ = {
			isa = PBXSourcesBuildPhase;
			buildActionMask = 2147483647;
			files = (
				99EEAE032CB76FF000C5ADDC /* Utils.swift in Sources */,
				99EEADF02CB76C7300C5ADDC /* ContentView.swift in Sources */,
				99EEAE052CB7716E00C5ADDC /* ListMessagesView.swift in Sources */,
				99EEAE002CB76FB900C5ADDC /* ChatMessage.swift in Sources */,
				99EEADFE2CB76D8100C5ADDC /* MessageBubbleView.swift in Sources */,
				99EEAE0D2CB789A100C5ADDC /* SidecarView.swift in Sources */,
				99EEADEE2CB76C7300C5ADDC /* ChatiMacApp.swift in Sources */,
				99B15A5C2CB8A7AE00F37543 /* Test.swift in Sources */,
				99EEAE082CB7873200C5ADDC /* ChatInputView.swift in Sources */,
				99EEAE0B2CB788FB00C5ADDC /* HeaderView.swift in Sources */,
			);
			runOnlyForDeploymentPostprocessing = 0;
		};
/* End PBXSourcesBuildPhase section */

/* Begin XCBuildConfiguration section */
		99EEADF72CB76C7500C5ADDC /* Debug */ = {
			isa = XCBuildConfiguration;
			buildSettings = {
				ALWAYS_SEARCH_USER_PATHS = NO;
				CLANG_ANALYZER_NONNULL = YES;
				CLANG_ANALYZER_NUMBER_OBJECT_CONVERSION = YES_AGGRESSIVE;
				CLANG_CXX_LANGUAGE_STANDARD = "gnu++20";
				CLANG_ENABLE_MODULES = YES;
				CLANG_ENABLE_OBJC_ARC = YES;
				CLANG_ENABLE_OBJC_WEAK = YES;
				CLANG_WARN_BLOCK_CAPTURE_AUTORELEASING = YES;
				CLANG_WARN_BOOL_CONVERSION = YES;
				CLANG_WARN_COMMA = YES;
				CLANG_WARN_CONSTANT_CONVERSION = YES;
				CLANG_WARN_DEPRECATED_OBJC_IMPLEMENTATIONS = YES;
				CLANG_WARN_DIRECT_OBJC_ISA_USAGE = YES_ERROR;
				CLANG_WARN_DOCUMENTATION_COMMENTS = YES;
				CLANG_WARN_EMPTY_BODY = YES;
				CLANG_WARN_ENUM_CONVERSION = YES;
				CLANG_WARN_INFINITE_RECURSION = YES;
				CLANG_WARN_INT_CONVERSION = YES;
				CLANG_WARN_NON_LITERAL_NULL_CONVERSION = YES;
				CLANG_WARN_OBJC_IMPLICIT_RETAIN_SELF = YES;
				CLANG_WARN_OBJC_LITERAL_CONVERSION = YES;
				CLANG_WARN_OBJC_ROOT_CLASS = YES_ERROR;
				CLANG_WARN_QUOTED_INCLUDE_IN_FRAMEWORK_HEADER = YES;
				CLANG_WARN_RANGE_LOOP_ANALYSIS = YES;
				CLANG_WARN_STRICT_PROTOTYPES = YES;
				CLANG_WARN_SUSPICIOUS_MOVE = YES;
				CLANG_WARN_UNGUARDED_AVAILABILITY = YES_AGGRESSIVE;
				CLANG_WARN_UNREACHABLE_CODE = YES;
				CLANG_WARN__DUPLICATE_METHOD_MATCH = YES;
				COPY_PHASE_STRIP = NO;
				DEBUG_INFORMATION_FORMAT = dwarf;
				ENABLE_STRICT_OBJC_MSGSEND = YES;
				ENABLE_TESTABILITY = YES;
				GCC_C_LANGUAGE_STANDARD = gnu11;
				GCC_DYNAMIC_NO_PIC = NO;
				GCC_NO_COMMON_BLOCKS = YES;
				GCC_OPTIMIZATION_LEVEL = 0;
				GCC_PREPROCESSOR_DEFINITIONS = (
					"DEBUG=1",
					"$(inherited)",
				);
				GCC_WARN_64_TO_32_BIT_CONVERSION = YES;
				GCC_WARN_ABOUT_RETURN_TYPE = YES_ERROR;
				GCC_WARN_UNDECLARED_SELECTOR = YES;
				GCC_WARN_UNINITIALIZED_AUTOS = YES_AGGRESSIVE;
				GCC_WARN_UNUSED_FUNCTION = YES;
				GCC_WARN_UNUSED_VARIABLE = YES;
				MACOSX_DEPLOYMENT_TARGET = 12.7;
				MTL_ENABLE_DEBUG_INFO = INCLUDE_SOURCE;
				MTL_FAST_MATH = YES;
				ONLY_ACTIVE_ARCH = YES;
				SDKROOT = macosx;
				SWIFT_ACTIVE_COMPILATION_CONDITIONS = DEBUG;
				SWIFT_OPTIMIZATION_LEVEL = "-Onone";
			};
			name = Debug;
		};
		99EEADF82CB76C7500C5ADDC /* Release */ = {
			isa = XCBuildConfiguration;
			buildSettings = {
				ALWAYS_SEARCH_USER_PATHS = NO;
				CLANG_ANALYZER_NONNULL = YES;
				CLANG_ANALYZER_NUMBER_OBJECT_CONVERSION = YES_AGGRESSIVE;
				CLANG_CXX_LANGUAGE_STANDARD = "gnu++20";
				CLANG_ENABLE_MODULES = YES;
				CLANG_ENABLE_OBJC_ARC = YES;
				CLANG_ENABLE_OBJC_WEAK = YES;
				CLANG_WARN_BLOCK_CAPTURE_AUTORELEASING = YES;
				CLANG_WARN_BOOL_CONVERSION = YES;
				CLANG_WARN_COMMA = YES;
				CLANG_WARN_CONSTANT_CONVERSION = YES;
				CLANG_WARN_DEPRECATED_OBJC_IMPLEMENTATIONS = YES;
				CLANG_WARN_DIRECT_OBJC_ISA_USAGE = YES_ERROR;
				CLANG_WARN_DOCUMENTATION_COMMENTS = YES;
				CLANG_WARN_EMPTY_BODY = YES;
				CLANG_WARN_ENUM_CONVERSION = YES;
				CLANG_WARN_INFINITE_RECURSION = YES;
				CLANG_WARN_INT_CONVERSION = YES;
				CLANG_WARN_NON_LITERAL_NULL_CONVERSION = YES;
				CLANG_WARN_OBJC_IMPLICIT_RETAIN_SELF = YES;
				CLANG_WARN_OBJC_LITERAL_CONVERSION = YES;
				CLANG_WARN_OBJC_ROOT_CLASS = YES_ERROR;
				CLANG_WARN_QUOTED_INCLUDE_IN_FRAMEWORK_HEADER = YES;
				CLANG_WARN_RANGE_LOOP_ANALYSIS = YES;
				CLANG_WARN_STRICT_PROTOTYPES = YES;
				CLANG_WARN_SUSPICIOUS_MOVE = YES;
				CLANG_WARN_UNGUARDED_AVAILABILITY = YES_AGGRESSIVE;
				CLANG_WARN_UNREACHABLE_CODE = YES;
				CLANG_WARN__DUPLICATE_METHOD_MATCH = YES;
				COPY_PHASE_STRIP = NO;
				DEBUG_INFORMATION_FORMAT = "dwarf-with-dsym";
				ENABLE_NS_ASSERTIONS = NO;
				ENABLE_STRICT_OBJC_MSGSEND = YES;
				GCC_C_LANGUAGE_STANDARD = gnu11;
				GCC_NO_COMMON_BLOCKS = YES;
				GCC_WARN_64_TO_32_BIT_CONVERSION = YES;
				GCC_WARN_ABOUT_RETURN_TYPE = YES_ERROR;
				GCC_WARN_UNDECLARED_SELECTOR = YES;
				GCC_WARN_UNINITIALIZED_AUTOS = YES_AGGRESSIVE;
				GCC_WARN_UNUSED_FUNCTION = YES;
				GCC_WARN_UNUSED_VARIABLE = YES;
				MACOSX_DEPLOYMENT_TARGET = 12.7;
				MTL_ENABLE_DEBUG_INFO = NO;
				MTL_FAST_MATH = YES;
				SDKROOT = macosx;
				SWIFT_COMPILATION_MODE = wholemodule;
				SWIFT_OPTIMIZATION_LEVEL = "-O";
			};
			name = Release;
		};
		99EEADFA2CB76C7500C5ADDC /* Debug */ = {
			isa = XCBuildConfiguration;
			buildSettings = {
				ASSETCATALOG_COMPILER_APPICON_NAME = AppIcon;
				ASSETCATALOG_COMPILER_GLOBAL_ACCENT_COLOR_NAME = AccentColor;
				CODE_SIGN_ENTITLEMENTS = ChatiMac/ChatiMac.entitlements;
				CODE_SIGN_STYLE = Automatic;
				COMBINE_HIDPI_IMAGES = YES;
				CURRENT_PROJECT_VERSION = 1;
				DEVELOPMENT_ASSET_PATHS = "\"ChatiMac/Preview Content\"";
				DEVELOPMENT_TEAM = 7C393F9A33;
				ENABLE_HARDENED_RUNTIME = YES;
				ENABLE_PREVIEWS = YES;
				GENERATE_INFOPLIST_FILE = YES;
				INFOPLIST_KEY_NSHumanReadableCopyright = "";
				LD_RUNPATH_SEARCH_PATHS = (
					"$(inherited)",
					"@executable_path/../Frameworks",
				);
				MARKETING_VERSION = 1.0;
				PRODUCT_BUNDLE_IDENTIFIER = ia.esev.ChatiMac;
				PRODUCT_NAME = "$(TARGET_NAME)";
				SWIFT_EMIT_LOC_STRINGS = YES;
				SWIFT_VERSION = 5.0;
			};
			name = Debug;
		};
		99EEADFB2CB76C7500C5ADDC /* Release */ = {
			isa = XCBuildConfiguration;
			buildSettings = {
				ASSETCATALOG_COMPILER_APPICON_NAME = AppIcon;
				ASSETCATALOG_COMPILER_GLOBAL_ACCENT_COLOR_NAME = AccentColor;
				CODE_SIGN_ENTITLEMENTS = ChatiMac/ChatiMac.entitlements;
				CODE_SIGN_STYLE = Automatic;
				COMBINE_HIDPI_IMAGES = YES;
				CURRENT_PROJECT_VERSION = 1;
				DEVELOPMENT_ASSET_PATHS = "\"ChatiMac/Preview Content\"";
				DEVELOPMENT_TEAM = 7C393F9A33;
				ENABLE_HARDENED_RUNTIME = YES;
				ENABLE_PREVIEWS = YES;
				GENERATE_INFOPLIST_FILE = YES;
				INFOPLIST_KEY_NSHumanReadableCopyright = "";
				LD_RUNPATH_SEARCH_PATHS = (
					"$(inherited)",
					"@executable_path/../Frameworks",
				);
				MARKETING_VERSION = 1.0;
				PRODUCT_BUNDLE_IDENTIFIER = ia.esev.ChatiMac;
				PRODUCT_NAME = "$(TARGET_NAME)";
				SWIFT_EMIT_LOC_STRINGS = YES;
				SWIFT_VERSION = 5.0;
			};
			name = Release;
		};
/* End XCBuildConfiguration section */

/* Begin XCConfigurationList section */
		99EEADE52CB76C7300C5ADDC /* Build configuration list for PBXProject "ChatiMac" */ = {
			isa = XCConfigurationList;
			buildConfigurations = (
				99EEADF72CB76C7500C5ADDC /* Debug */,
				99EEADF82CB76C7500C5ADDC /* Release */,
			);
			defaultConfigurationIsVisible = 0;
			defaultConfigurationName = Release;
		};
		99EEADF92CB76C7500C5ADDC /* Build configuration list for PBXNativeTarget "ChatiMac" */ = {
			isa = XCConfigurationList;
			buildConfigurations = (
				99EEADFA2CB76C7500C5ADDC /* Debug */,
				99EEADFB2CB76C7500C5ADDC /* Release */,
			);
			defaultConfigurationIsVisible = 0;
			defaultConfigurationName = Release;
		};
/* End XCConfigurationList section */
	};
	rootObject = 99EEADE22CB76C7200C5ADDC /* Project object */;
}
